
Microsoft Visual Studio Solution File, Format Version 12.00
Project("{FAE04EC0-301F-11D3-BF4B-00C04F79EFBC}") = "BeOneSender.Data.Database", "BeOneSender.Data.Database\BeOneSender.Data.Database.csproj", "{727F40FA-49F0-436B-BAE1-AE6FD9C31FFD}"
EndProject
Project("{FAE04EC0-301F-11D3-BF4B-00C04F79EFBC}") = "BeOneSender.Gui.Aspnet", "BeOneSender.Gui.Aspnet\BeOneSender.Gui.Aspnet.csproj", "{DB8E1F7A-A039-4175-B78F-327AFFF0776B}"
EndProject
Project("{2150E333-8FDC-42A3-9474-1A3956D46DE8}") = "Data", "Data", "{B19D6D85-C6AF-464D-ABE0-036D015E1FB1}"
EndProject
Project("{FAE04EC0-301F-11D3-BF4B-00C04F79EFBC}") = "BeOneSender.Data.Database.Tests", "BeOneSender.Data.Database.Tests\BeOneSender.Data.Database.Tests.csproj", "{16C58395-6F30-49F0-B780-60AEAD61C4E2}"
EndProject
Project("{2150E333-8FDC-42A3-9474-1A3956D46DE8}") = "Logic", "Logic", "{4ABF20FA-0806-47C3-80B7-6175EB088D10}"
EndProject
Project("{2150E333-8FDC-42A3-9474-1A3956D46DE8}") = "GUI", "GUI", "{3C927C2C-91D7-4A46-8E62-9C060EBC9412}"
EndProject
Project("{FAE04EC0-301F-11D3-BF4B-00C04F79EFBC}") = "BeOneSender.BusinessLogic", "BeOneSender.BusinessLogic\BeOneSender.BusinessLogic.csproj", "{9E8D693B-A536-4D1D-89B5-94E4DA72775B}"
EndProject
Project("{FAE04EC0-301F-11D3-BF4B-00C04F79EFBC}") = "BeOneSender.BusinessLogic.Tests", "BeOneSender.BusinessLogic.Tests\BeOneSender.BusinessLogic.Tests.csproj", "{DBBAF7FF-255B-4D74-8D54-D0F05D0BE7B4}"
EndProject
Project("{2150E333-8FDC-42A3-9474-1A3956D46DE8}") = "Assets", "Assets", "{0EE6B7C8-14B8-4C13-BE07-F30372439813}"
EndProject
Project("{FAE04EC0-301F-11D3-BF4B-00C04F79EFBC}") = "BootstrapingHelperCli", "Assets\BootstrapingHelperCli\BootstrapingHelperCli.csproj", "{2160B380-1E1C-4A44-A1A6-3C5892A87D2B}"
EndProject
Project("{FAE04EC0-301F-11D3-BF4B-00C04F79EFBC}") = "BeOneSender.Data", "BeOneSender.Data\BeOneSender.Data.csproj", "{16F898A3-536F-4087-9626-899AD1771332}"
EndProject
Project("{2150E333-8FDC-42A3-9474-1A3956D46DE8}") = "Shared", "Shared", "{743B1E18-CBCC-4E78-877D-A14C4CA5C482}"
EndProject
Project("{FAE04EC0-301F-11D3-BF4B-00C04F79EFBC}") = "SharedTools", "SharedTools\SharedTools.csproj", "{7606E023-52D4-4808-AFDA-8254910A5570}"
EndProject
Project("{FAE04EC0-301F-11D3-BF4B-00C04F79EFBC}") = "BeOneSender.Data.Tests", "BeOneSender.Data.Tests\BeOneSender.Data.Tests.csproj", "{983357D1-0432-4358-B010-A21DDFCEABEC}"
EndProject
Global
	GlobalSection(SolutionConfigurationPlatforms) = preSolution
		Debug|Any CPU = Debug|Any CPU
		Release|Any CPU = Release|Any CPU
	EndGlobalSection
	GlobalSection(ProjectConfigurationPlatforms) = postSolution
		{727F40FA-49F0-436B-BAE1-AE6FD9C31FFD}.Debug|Any CPU.ActiveCfg = Debug|Any CPU
		{727F40FA-49F0-436B-BAE1-AE6FD9C31FFD}.Debug|Any CPU.Build.0 = Debug|Any CPU
		{727F40FA-49F0-436B-BAE1-AE6FD9C31FFD}.Release|Any CPU.ActiveCfg = Release|Any CPU
		{727F40FA-49F0-436B-BAE1-AE6FD9C31FFD}.Release|Any CPU.Build.0 = Release|Any CPU
		{DB8E1F7A-A039-4175-B78F-327AFFF0776B}.Debug|Any CPU.ActiveCfg = Debug|Any CPU
		{DB8E1F7A-A039-4175-B78F-327AFFF0776B}.Debug|Any CPU.Build.0 = Debug|Any CPU
		{DB8E1F7A-A039-4175-B78F-327AFFF0776B}.Release|Any CPU.ActiveCfg = Release|Any CPU
		{DB8E1F7A-A039-4175-B78F-327AFFF0776B}.Release|Any CPU.Build.0 = Release|Any CPU
		{16C58395-6F30-49F0-B780-60AEAD61C4E2}.Debug|Any CPU.ActiveCfg = Debug|Any CPU
		{16C58395-6F30-49F0-B780-60AEAD61C4E2}.Debug|Any CPU.Build.0 = Debug|Any CPU
		{16C58395-6F30-49F0-B780-60AEAD61C4E2}.Release|Any CPU.ActiveCfg = Release|Any CPU
		{16C58395-6F30-49F0-B780-60AEAD61C4E2}.Release|Any CPU.Build.0 = Release|Any CPU
		{9E8D693B-A536-4D1D-89B5-94E4DA72775B}.Debug|Any CPU.ActiveCfg = Debug|Any CPU
		{9E8D693B-A536-4D1D-89B5-94E4DA72775B}.Debug|Any CPU.Build.0 = Debug|Any CPU
		{9E8D693B-A536-4D1D-89B5-94E4DA72775B}.Release|Any CPU.ActiveCfg = Release|Any CPU
		{9E8D693B-A536-4D1D-89B5-94E4DA72775B}.Release|Any CPU.Build.0 = Release|Any CPU
		{DBBAF7FF-255B-4D74-8D54-D0F05D0BE7B4}.Debug|Any CPU.ActiveCfg = Debug|Any CPU
		{DBBAF7FF-255B-4D74-8D54-D0F05D0BE7B4}.Debug|Any CPU.Build.0 = Debug|Any CPU
		{DBBAF7FF-255B-4D74-8D54-D0F05D0BE7B4}.Release|Any CPU.ActiveCfg = Release|Any CPU
		{DBBAF7FF-255B-4D74-8D54-D0F05D0BE7B4}.Release|Any CPU.Build.0 = Release|Any CPU
		{2160B380-1E1C-4A44-A1A6-3C5892A87D2B}.Debug|Any CPU.ActiveCfg = Debug|Any CPU
		{2160B380-1E1C-4A44-A1A6-3C5892A87D2B}.Debug|Any CPU.Build.0 = Debug|Any CPU
		{2160B380-1E1C-4A44-A1A6-3C5892A87D2B}.Release|Any CPU.ActiveCfg = Release|Any CPU
		{2160B380-1E1C-4A44-A1A6-3C5892A87D2B}.Release|Any CPU.Build.0 = Release|Any CPU
		{16F898A3-536F-4087-9626-899AD1771332}.Debug|Any CPU.ActiveCfg = Debug|Any CPU
		{16F898A3-536F-4087-9626-899AD1771332}.Debug|Any CPU.Build.0 = Debug|Any CPU
		{16F898A3-536F-4087-9626-899AD1771332}.Release|Any CPU.ActiveCfg = Release|Any CPU
		{16F898A3-536F-4087-9626-899AD1771332}.Release|Any CPU.Build.0 = Release|Any CPU
		{7606E023-52D4-4808-AFDA-8254910A5570}.Debug|Any CPU.ActiveCfg = Debug|Any CPU
		{7606E023-52D4-4808-AFDA-8254910A5570}.Debug|Any CPU.Build.0 = Debug|Any CPU
		{7606E023-52D4-4808-AFDA-8254910A5570}.Release|Any CPU.ActiveCfg = Release|Any CPU
		{7606E023-52D4-4808-AFDA-8254910A5570}.Release|Any CPU.Build.0 = Release|Any CPU
		{983357D1-0432-4358-B010-A21DDFCEABEC}.Debug|Any CPU.ActiveCfg = Debug|Any CPU
		{983357D1-0432-4358-B010-A21DDFCEABEC}.Debug|Any CPU.Build.0 = Debug|Any CPU
		{983357D1-0432-4358-B010-A21DDFCEABEC}.Release|Any CPU.ActiveCfg = Release|Any CPU
		{983357D1-0432-4358-B010-A21DDFCEABEC}.Release|Any CPU.Build.0 = Release|Any CPU
	EndGlobalSection
	GlobalSection(NestedProjects) = preSolution
		{727F40FA-49F0-436B-BAE1-AE6FD9C31FFD} = {B19D6D85-C6AF-464D-ABE0-036D015E1FB1}
		{16C58395-6F30-49F0-B780-60AEAD61C4E2} = {B19D6D85-C6AF-464D-ABE0-036D015E1FB1}
		{DB8E1F7A-A039-4175-B78F-327AFFF0776B} = {3C927C2C-91D7-4A46-8E62-9C060EBC9412}
		{9E8D693B-A536-4D1D-89B5-94E4DA72775B} = {4ABF20FA-0806-47C3-80B7-6175EB088D10}
		{DBBAF7FF-255B-4D74-8D54-D0F05D0BE7B4} = {4ABF20FA-0806-47C3-80B7-6175EB088D10}
		{2160B380-1E1C-4A44-A1A6-3C5892A87D2B} = {0EE6B7C8-14B8-4C13-BE07-F30372439813}
		{16F898A3-536F-4087-9626-899AD1771332} = {B19D6D85-C6AF-464D-ABE0-036D015E1FB1}
		{7606E023-52D4-4808-AFDA-8254910A5570} = {743B1E18-CBCC-4E78-877D-A14C4CA5C482}
		{983357D1-0432-4358-B010-A21DDFCEABEC} = {B19D6D85-C6AF-464D-ABE0-036D015E1FB1}
	EndGlobalSection
EndGlobal
